
Microsoft Visual Studio Solution File, Format Version 12.00
# Visual Studio 15
VisualStudioVersion = 15.0.27130.2036
MinimumVisualStudioVersion = 10.0.40219.1
Project("{FAE04EC0-301F-11D3-BF4B-00C04F79EFBC}") = "calculator", "calculator\calculator.csproj", "{8E1D047B-6D85-4272-AEF7-11F21EA52C59}"
EndProject
Global
	GlobalSection(SolutionConfigurationPlatforms) = preSolution
		Debug|Any CPU = Debug|Any CPU
		Release|Any CPU = Release|Any CPU
	EndGlobalSection
	GlobalSection(ProjectConfigurationPlatforms) = postSolution
		{8E1D047B-6D85-4272-AEF7-11F21EA52C59}.Debug|Any CPU.ActiveCfg = Debug|Any CPU
		{8E1D047B-6D85-4272-AEF7-11F21EA52C59}.Debug|Any CPU.Build.0 = Debug|Any CPU
		{8E1D047B-6D85-4272-AEF7-11F21EA52C59}.Release|Any CPU.ActiveCfg = Release|Any CPU
		{8E1D047B-6D85-4272-AEF7-11F21EA52C59}.Release|Any CPU.Build.0 = Release|Any CPU
	EndGlobalSection
	GlobalSection(SolutionProperties) = preSolution
		HideSolutionNode = FALSE
	EndGlobalSection
	GlobalSection(ExtensibilityGlobals) = postSolution
		SolutionGuid = {22088EF3-B013-43E6-87B4-C69CEFAD6391}
	EndGlobalSection
EndGlobal
